
Microsoft Visual Studio Solution File, Format Version 11.00
# Visual Studio 2010
Project("{FAE04EC0-301F-11D3-BF4B-00C04F79EFBC}") = "Multiplication", "Multiplication\Multiplication.csproj", "{036EB6F1-A169-4C82-BB55-794679A2AB44}"
EndProject
Global
	GlobalSection(SolutionConfigurationPlatforms) = preSolution
		Debug|x86 = Debug|x86
		Release|x86 = Release|x86
	EndGlobalSection
	GlobalSection(ProjectConfigurationPlatforms) = postSolution
		{036EB6F1-A169-4C82-BB55-794679A2AB44}.Debug|x86.ActiveCfg = Debug|x86
		{036EB6F1-A169-4C82-BB55-794679A2AB44}.Debug|x86.Build.0 = Debug|x86
		{036EB6F1-A169-4C82-BB55-794679A2AB44}.Release|x86.ActiveCfg = Release|x86
		{036EB6F1-A169-4C82-BB55-794679A2AB44}.Release|x86.Build.0 = Release|x86
	EndGlobalSection
	GlobalSection(SolutionProperties) = preSolution
		HideSolutionNode = FALSE
	EndGlobalSection
EndGlobal
