
Microsoft Visual Studio Solution File, Format Version 11.00
# Visual Studio 2010
Project("{FAE04EC0-301F-11D3-BF4B-00C04F79EFBC}") = "Phone Words", "Phone Words\Phone Words.csproj", "{0558A559-1373-48F2-B171-1FCEFE7A790D}"
EndProject
Global
	GlobalSection(SolutionConfigurationPlatforms) = preSolution
		Debug|x86 = Debug|x86
		Release|x86 = Release|x86
	EndGlobalSection
	GlobalSection(ProjectConfigurationPlatforms) = postSolution
		{0558A559-1373-48F2-B171-1FCEFE7A790D}.Debug|x86.ActiveCfg = Debug|x86
		{0558A559-1373-48F2-B171-1FCEFE7A790D}.Debug|x86.Build.0 = Debug|x86
		{0558A559-1373-48F2-B171-1FCEFE7A790D}.Release|x86.ActiveCfg = Release|x86
		{0558A559-1373-48F2-B171-1FCEFE7A790D}.Release|x86.Build.0 = Release|x86
	EndGlobalSection
	GlobalSection(SolutionProperties) = preSolution
		HideSolutionNode = FALSE
	EndGlobalSection
EndGlobal
