
Microsoft Visual Studio Solution File, Format Version 11.00
# Visual Studio 2010
Project("{FAE04EC0-301F-11D3-BF4B-00C04F79EFBC}") = "Cardgame", "Cardgame\Cardgame.csproj", "{0EE793E3-B391-4B54-8CDD-1EE34C25622B}"
EndProject
Global
	GlobalSection(SolutionConfigurationPlatforms) = preSolution
		Debug|x86 = Debug|x86
		Release|x86 = Release|x86
	EndGlobalSection
	GlobalSection(ProjectConfigurationPlatforms) = postSolution
		{0EE793E3-B391-4B54-8CDD-1EE34C25622B}.Debug|x86.ActiveCfg = Debug|x86
		{0EE793E3-B391-4B54-8CDD-1EE34C25622B}.Debug|x86.Build.0 = Debug|x86
		{0EE793E3-B391-4B54-8CDD-1EE34C25622B}.Release|x86.ActiveCfg = Release|x86
		{0EE793E3-B391-4B54-8CDD-1EE34C25622B}.Release|x86.Build.0 = Release|x86
	EndGlobalSection
	GlobalSection(SolutionProperties) = preSolution
		HideSolutionNode = FALSE
	EndGlobalSection
EndGlobal
