
Microsoft Visual Studio Solution File, Format Version 11.00
# Visual Studio 2010
Project("{FAE04EC0-301F-11D3-BF4B-00C04F79EFBC}") = "Program 3", "Program 3\Program 3.csproj", "{1C833078-DA26-4EAA-A7F3-84F55ED3C1CD}"
EndProject
Global
	GlobalSection(SolutionConfigurationPlatforms) = preSolution
		Debug|x86 = Debug|x86
		Release|x86 = Release|x86
	EndGlobalSection
	GlobalSection(ProjectConfigurationPlatforms) = postSolution
		{1C833078-DA26-4EAA-A7F3-84F55ED3C1CD}.Debug|x86.ActiveCfg = Debug|x86
		{1C833078-DA26-4EAA-A7F3-84F55ED3C1CD}.Debug|x86.Build.0 = Debug|x86
		{1C833078-DA26-4EAA-A7F3-84F55ED3C1CD}.Release|x86.ActiveCfg = Release|x86
		{1C833078-DA26-4EAA-A7F3-84F55ED3C1CD}.Release|x86.Build.0 = Release|x86
	EndGlobalSection
	GlobalSection(SolutionProperties) = preSolution
		HideSolutionNode = FALSE
	EndGlobalSection
EndGlobal
