
Microsoft Visual Studio Solution File, Format Version 11.00
# Visual Studio 2010
Project("{FAE04EC0-301F-11D3-BF4B-00C04F79EFBC}") = "Rainfall Data", "Rainfall Data\Rainfall Data.csproj", "{FA8145B5-3F00-4FE3-AED4-FB25A6FF0CEB}"
EndProject
Global
	GlobalSection(SolutionConfigurationPlatforms) = preSolution
		Debug|x86 = Debug|x86
		Release|x86 = Release|x86
	EndGlobalSection
	GlobalSection(ProjectConfigurationPlatforms) = postSolution
		{FA8145B5-3F00-4FE3-AED4-FB25A6FF0CEB}.Debug|x86.ActiveCfg = Debug|x86
		{FA8145B5-3F00-4FE3-AED4-FB25A6FF0CEB}.Debug|x86.Build.0 = Debug|x86
		{FA8145B5-3F00-4FE3-AED4-FB25A6FF0CEB}.Release|x86.ActiveCfg = Release|x86
		{FA8145B5-3F00-4FE3-AED4-FB25A6FF0CEB}.Release|x86.Build.0 = Release|x86
	EndGlobalSection
	GlobalSection(SolutionProperties) = preSolution
		HideSolutionNode = FALSE
	EndGlobalSection
EndGlobal
