
Microsoft Visual Studio Solution File, Format Version 11.00
# Visual Studio 2010
Project("{FAE04EC0-301F-11D3-BF4B-00C04F79EFBC}") = "State Abbreviatiom", "State Abbreviatiom\State Abbreviatiom.csproj", "{C844A067-B83E-444F-B0B0-F3A0962E2F8B}"
EndProject
Global
	GlobalSection(SolutionConfigurationPlatforms) = preSolution
		Debug|x86 = Debug|x86
		Release|x86 = Release|x86
	EndGlobalSection
	GlobalSection(ProjectConfigurationPlatforms) = postSolution
		{C844A067-B83E-444F-B0B0-F3A0962E2F8B}.Debug|x86.ActiveCfg = Debug|x86
		{C844A067-B83E-444F-B0B0-F3A0962E2F8B}.Debug|x86.Build.0 = Debug|x86
		{C844A067-B83E-444F-B0B0-F3A0962E2F8B}.Release|x86.ActiveCfg = Release|x86
		{C844A067-B83E-444F-B0B0-F3A0962E2F8B}.Release|x86.Build.0 = Release|x86
	EndGlobalSection
	GlobalSection(SolutionProperties) = preSolution
		HideSolutionNode = FALSE
	EndGlobalSection
EndGlobal
