
Microsoft Visual Studio Solution File, Format Version 11.00
# Visual Studio 2010
Project("{FAE04EC0-301F-11D3-BF4B-00C04F79EFBC}") = "Retail Markup", "Retail Markup\Retail Markup.csproj", "{D0D96E79-3CF1-4FFD-9F88-5B784FE1D592}"
EndProject
Global
	GlobalSection(SolutionConfigurationPlatforms) = preSolution
		Debug|x86 = Debug|x86
		Release|x86 = Release|x86
	EndGlobalSection
	GlobalSection(ProjectConfigurationPlatforms) = postSolution
		{D0D96E79-3CF1-4FFD-9F88-5B784FE1D592}.Debug|x86.ActiveCfg = Debug|x86
		{D0D96E79-3CF1-4FFD-9F88-5B784FE1D592}.Debug|x86.Build.0 = Debug|x86
		{D0D96E79-3CF1-4FFD-9F88-5B784FE1D592}.Release|x86.ActiveCfg = Release|x86
		{D0D96E79-3CF1-4FFD-9F88-5B784FE1D592}.Release|x86.Build.0 = Release|x86
	EndGlobalSection
	GlobalSection(SolutionProperties) = preSolution
		HideSolutionNode = FALSE
	EndGlobalSection
EndGlobal
