
Microsoft Visual Studio Solution File, Format Version 11.00
# Visual Studio 2010
Project("{FAE04EC0-301F-11D3-BF4B-00C04F79EFBC}") = "Tumbling Dice", "Tumbling Dice\Tumbling Dice.csproj", "{266F6B1D-A043-4338-A51E-56E7A77DB523}"
EndProject
Global
	GlobalSection(SolutionConfigurationPlatforms) = preSolution
		Debug|x86 = Debug|x86
		Release|x86 = Release|x86
	EndGlobalSection
	GlobalSection(ProjectConfigurationPlatforms) = postSolution
		{266F6B1D-A043-4338-A51E-56E7A77DB523}.Debug|x86.ActiveCfg = Debug|x86
		{266F6B1D-A043-4338-A51E-56E7A77DB523}.Debug|x86.Build.0 = Debug|x86
		{266F6B1D-A043-4338-A51E-56E7A77DB523}.Release|x86.ActiveCfg = Release|x86
		{266F6B1D-A043-4338-A51E-56E7A77DB523}.Release|x86.Build.0 = Release|x86
	EndGlobalSection
	GlobalSection(SolutionProperties) = preSolution
		HideSolutionNode = FALSE
	EndGlobalSection
EndGlobal
