
Microsoft Visual Studio Solution File, Format Version 11.00
# Visual Studio 2010
Project("{FAE04EC0-301F-11D3-BF4B-00C04F79EFBC}") = "Numbers2", "Numbers2\Numbers2.csproj", "{EB0F2205-C52F-47F7-9560-67E55121DB27}"
EndProject
Global
	GlobalSection(SolutionConfigurationPlatforms) = preSolution
		Debug|x86 = Debug|x86
		Release|x86 = Release|x86
	EndGlobalSection
	GlobalSection(ProjectConfigurationPlatforms) = postSolution
		{EB0F2205-C52F-47F7-9560-67E55121DB27}.Debug|x86.ActiveCfg = Debug|x86
		{EB0F2205-C52F-47F7-9560-67E55121DB27}.Debug|x86.Build.0 = Debug|x86
		{EB0F2205-C52F-47F7-9560-67E55121DB27}.Release|x86.ActiveCfg = Release|x86
		{EB0F2205-C52F-47F7-9560-67E55121DB27}.Release|x86.Build.0 = Release|x86
	EndGlobalSection
	GlobalSection(SolutionProperties) = preSolution
		HideSolutionNode = FALSE
	EndGlobalSection
EndGlobal
