
Microsoft Visual Studio Solution File, Format Version 11.00
# Visual Studio 2010
Project("{FAE04EC0-301F-11D3-BF4B-00C04F79EFBC}") = "Problem 5", "Problem 5\Problem 5.csproj", "{780B88B3-8AA6-46AD-A274-9EE93236BD44}"
EndProject
Global
	GlobalSection(SolutionConfigurationPlatforms) = preSolution
		Debug|x86 = Debug|x86
		Release|x86 = Release|x86
	EndGlobalSection
	GlobalSection(ProjectConfigurationPlatforms) = postSolution
		{780B88B3-8AA6-46AD-A274-9EE93236BD44}.Debug|x86.ActiveCfg = Debug|x86
		{780B88B3-8AA6-46AD-A274-9EE93236BD44}.Debug|x86.Build.0 = Debug|x86
		{780B88B3-8AA6-46AD-A274-9EE93236BD44}.Release|x86.ActiveCfg = Release|x86
		{780B88B3-8AA6-46AD-A274-9EE93236BD44}.Release|x86.Build.0 = Release|x86
	EndGlobalSection
	GlobalSection(SolutionProperties) = preSolution
		HideSolutionNode = FALSE
	EndGlobalSection
EndGlobal
