
Microsoft Visual Studio Solution File, Format Version 11.00
# Visual Studio 2010
Project("{FAE04EC0-301F-11D3-BF4B-00C04F79EFBC}") = "Workshop Registration", "Workshop Registration\Workshop Registration.csproj", "{3BD2A3EF-0754-4D2A-A028-286B83D87351}"
EndProject
Global
	GlobalSection(SolutionConfigurationPlatforms) = preSolution
		Debug|x86 = Debug|x86
		Release|x86 = Release|x86
	EndGlobalSection
	GlobalSection(ProjectConfigurationPlatforms) = postSolution
		{3BD2A3EF-0754-4D2A-A028-286B83D87351}.Debug|x86.ActiveCfg = Debug|x86
		{3BD2A3EF-0754-4D2A-A028-286B83D87351}.Debug|x86.Build.0 = Debug|x86
		{3BD2A3EF-0754-4D2A-A028-286B83D87351}.Release|x86.ActiveCfg = Release|x86
		{3BD2A3EF-0754-4D2A-A028-286B83D87351}.Release|x86.Build.0 = Release|x86
	EndGlobalSection
	GlobalSection(SolutionProperties) = preSolution
		HideSolutionNode = FALSE
	EndGlobalSection
EndGlobal
