
Microsoft Visual Studio Solution File, Format Version 11.00
# Visual Studio 2010
Project("{FAE04EC0-301F-11D3-BF4B-00C04F79EFBC}") = "Tree", "Tree\Tree.csproj", "{FC962F8F-40CF-4C5A-A747-F5E77714CE34}"
EndProject
Global
	GlobalSection(SolutionConfigurationPlatforms) = preSolution
		Debug|x86 = Debug|x86
		Release|x86 = Release|x86
	EndGlobalSection
	GlobalSection(ProjectConfigurationPlatforms) = postSolution
		{FC962F8F-40CF-4C5A-A747-F5E77714CE34}.Debug|x86.ActiveCfg = Debug|x86
		{FC962F8F-40CF-4C5A-A747-F5E77714CE34}.Debug|x86.Build.0 = Debug|x86
		{FC962F8F-40CF-4C5A-A747-F5E77714CE34}.Release|x86.ActiveCfg = Release|x86
		{FC962F8F-40CF-4C5A-A747-F5E77714CE34}.Release|x86.Build.0 = Release|x86
	EndGlobalSection
	GlobalSection(SolutionProperties) = preSolution
		HideSolutionNode = FALSE
	EndGlobalSection
EndGlobal
