
Microsoft Visual Studio Solution File, Format Version 11.00
# Visual Studio 2010
Project("{FAE04EC0-301F-11D3-BF4B-00C04F79EFBC}") = "Sum", "Sum\Sum.csproj", "{13A27050-248C-44C8-863D-FC1429E4EFC8}"
EndProject
Global
	GlobalSection(SolutionConfigurationPlatforms) = preSolution
		Debug|x86 = Debug|x86
		Release|x86 = Release|x86
	EndGlobalSection
	GlobalSection(ProjectConfigurationPlatforms) = postSolution
		{13A27050-248C-44C8-863D-FC1429E4EFC8}.Debug|x86.ActiveCfg = Debug|x86
		{13A27050-248C-44C8-863D-FC1429E4EFC8}.Debug|x86.Build.0 = Debug|x86
		{13A27050-248C-44C8-863D-FC1429E4EFC8}.Release|x86.ActiveCfg = Release|x86
		{13A27050-248C-44C8-863D-FC1429E4EFC8}.Release|x86.Build.0 = Release|x86
	EndGlobalSection
	GlobalSection(SolutionProperties) = preSolution
		HideSolutionNode = FALSE
	EndGlobalSection
EndGlobal
