
Microsoft Visual Studio Solution File, Format Version 11.00
# Visual Studio 2010
Project("{FAE04EC0-301F-11D3-BF4B-00C04F79EFBC}") = "Commission", "Commission\Commission.csproj", "{D8103A6E-CEF1-4CF8-B75C-076C6DEA952F}"
EndProject
Global
	GlobalSection(SolutionConfigurationPlatforms) = preSolution
		Debug|x86 = Debug|x86
		Release|x86 = Release|x86
	EndGlobalSection
	GlobalSection(ProjectConfigurationPlatforms) = postSolution
		{D8103A6E-CEF1-4CF8-B75C-076C6DEA952F}.Debug|x86.ActiveCfg = Debug|x86
		{D8103A6E-CEF1-4CF8-B75C-076C6DEA952F}.Debug|x86.Build.0 = Debug|x86
		{D8103A6E-CEF1-4CF8-B75C-076C6DEA952F}.Release|x86.ActiveCfg = Release|x86
		{D8103A6E-CEF1-4CF8-B75C-076C6DEA952F}.Release|x86.Build.0 = Release|x86
	EndGlobalSection
	GlobalSection(SolutionProperties) = preSolution
		HideSolutionNode = FALSE
	EndGlobalSection
EndGlobal
