
Microsoft Visual Studio Solution File, Format Version 11.00
# Visual Studio 2010
Project("{FAE04EC0-301F-11D3-BF4B-00C04F79EFBC}") = "Problem 1", "Problem 1\Problem 1.csproj", "{D0386E65-9DA3-40A5-BB39-CF7DDDEE7E62}"
EndProject
Global
	GlobalSection(SolutionConfigurationPlatforms) = preSolution
		Debug|x86 = Debug|x86
		Release|x86 = Release|x86
	EndGlobalSection
	GlobalSection(ProjectConfigurationPlatforms) = postSolution
		{D0386E65-9DA3-40A5-BB39-CF7DDDEE7E62}.Debug|x86.ActiveCfg = Debug|x86
		{D0386E65-9DA3-40A5-BB39-CF7DDDEE7E62}.Debug|x86.Build.0 = Debug|x86
		{D0386E65-9DA3-40A5-BB39-CF7DDDEE7E62}.Release|x86.ActiveCfg = Release|x86
		{D0386E65-9DA3-40A5-BB39-CF7DDDEE7E62}.Release|x86.Build.0 = Release|x86
	EndGlobalSection
	GlobalSection(SolutionProperties) = preSolution
		HideSolutionNode = FALSE
	EndGlobalSection
EndGlobal
